
Microsoft Visual Studio Solution File, Format Version 12.00
# Visual Studio Version 16
VisualStudioVersion = 16.0.29709.97
MinimumVisualStudioVersion = 10.0.40219.1
Project("{FAE04EC0-301F-11D3-BF4B-00C04F79EFBC}") = "web", "web\web.csproj", "{B369AC53-E9D0-4D7E-BEF8-F2626F7B8D1D}"
EndProject
Project("{FAE04EC0-301F-11D3-BF4B-00C04F79EFBC}") = "SianWebSrv", "SianWebSrv\SianWebSrv.csproj", "{29F93A87-F9F2-4253-BB0E-80AA05804A57}"
EndProject
Project("{FAE04EC0-301F-11D3-BF4B-00C04F79EFBC}") = "SiarBLL", "SiarBLL\SiarBLL.csproj", "{992AFF8E-8685-4BDA-B52B-BE98AE58EBA8}"
EndProject
Project("{FAE04EC0-301F-11D3-BF4B-00C04F79EFBC}") = "SiarDAL", "SiarDAL\SiarDAL.csproj", "{61E62134-7D9B-4700-8DCF-9BAB5AA6ACF4}"
EndProject
Project("{FAE04EC0-301F-11D3-BF4B-00C04F79EFBC}") = "SiarLibrary", "SiarLibrary\SiarLibrary.csproj", "{453F80C4-1553-4B57-AC77-58CEDE9F11CC}"
EndProject
Project("{FAE04EC0-301F-11D3-BF4B-00C04F79EFBC}") = "SiarLibrary.Web", "SiarLibrary.Web\SiarLibrary.Web.csproj", "{D2C02A0C-6638-43A4-8E17-C1781E462E1C}"
EndProject
Project("{FAE04EC0-301F-11D3-BF4B-00C04F79EFBC}") = "SiarActions", "SiarActions\SiarActions.csproj", "{414A358B-FF05-4EEA-824F-55BFCC3D8EDD}"
EndProject
Project("{FAE04EC0-301F-11D3-BF4B-00C04F79EFBC}") = "CupManager", "CupManager\CupManager.csproj", "{13D384B6-807C-4D50-9A95-BAADDE0FED59}"
EndProject
Project("{FAE04EC0-301F-11D3-BF4B-00C04F79EFBC}") = "PucManager", "PucManager\PucManager.csproj", "{51869DB8-9CD4-440C-9F2F-23F2C4BCE966}"
EndProject
Project("{FAE04EC0-301F-11D3-BF4B-00C04F79EFBC}") = "NotificheBatch", "NotificheBatch\NotificheBatch.csproj", "{A9CD6A8C-F7EF-404F-AA46-DFE0A166CE07}"
EndProject
Project("{FAE04EC0-301F-11D3-BF4B-00C04F79EFBC}") = "WcfHelpers.SoapAttachments", "WcfHelpers.SoapAttachments\WcfHelpers.SoapAttachments.csproj", "{63FA49D4-E485-4D66-948D-78E3802CB6EA}"
EndProject
Project("{00D1A9C2-B5F0-4AF3-8072-F6C62B433612}") = "SigefDB", "SigefDB\SigefDB.sqlproj", "{DB5D393F-6261-47D2-8859-C8A1B4D380CE}"
EndProject
Project("{FAE04EC0-301F-11D3-BF4B-00C04F79EFBC}") = "CupClient", "CupClient\CupClient.csproj", "{7B715D02-CCB3-45B2-B315-580F799D91E1}"
EndProject
Project("{F14B399A-7131-4C87-9E4B-1186C45EF12D}") = "Reports", "Reports\Reports.rptproj", "{EA927912-F4C5-49E8-A679-6D5F15E7691A}"
EndProject
Project("{FAE04EC0-301F-11D3-BF4B-00C04F79EFBC}") = "RnaManager", "RnaManager\RnaManager.csproj", "{4EEDFE9A-2A88-45EA-8A1B-B3557329CF85}"
EndProject
Project("{FAE04EC0-301F-11D3-BF4B-00C04F79EFBC}") = "FirmaRemotaManager", "FirmaRemotaManager\FirmaRemotaManager.csproj", "{BE79C6E0-9E76-45DA-AD9C-A1CE3567F596}"
EndProject
Project("{FAE04EC0-301F-11D3-BF4B-00C04F79EFBC}") = "ProtocolloBatchManager", "ProtocolloBatchManager\ProtocolloBatchManager.csproj", "{6837EA30-85A1-415C-900A-127BCE744254}"
EndProject
Project("{FAE04EC0-301F-11D3-BF4B-00C04F79EFBC}") = "ProtocolloBatchClient", "ProtocolloBatchClient\ProtocolloBatchClient.csproj", "{D9E29A78-A1BE-4952-891E-720D09EA2826}"
EndProject
Project("{FAE04EC0-301F-11D3-BF4B-00C04F79EFBC}") = "TelegramBot", "TelegramBot\TelegramBot.csproj", "{C98D2574-3F22-435E-8D7B-FBA6E50D3E66}"
EndProject
Project("{FAE04EC0-301F-11D3-BF4B-00C04F79EFBC}") = "DownloadManager", "DownloadManager\DownloadManager.csproj", "{05BF0946-7E59-4004-B97E-326725EDE738}"
EndProject
Project("{FAE04EC0-301F-11D3-BF4B-00C04F79EFBC}") = "DownloadClient", "DownloadClient\DownloadClient.csproj", "{934E6787-2796-4BE2-9211-303FA1E054CA}"
EndProject
Global
	GlobalSection(SolutionConfigurationPlatforms) = preSolution
		aureli|Any CPU = aureli|Any CPU
		barbieri|Any CPU = barbieri|Any CPU
		Debug|Any CPU = Debug|Any CPU
		DebugLocal|Any CPU = DebugLocal|Any CPU
		Frandal|Any CPU = Frandal|Any CPU
		fusco|Any CPU = fusco|Any CPU
		gobbi|Any CPU = gobbi|Any CPU
		gobbiRegione|Any CPU = gobbiRegione|Any CPU
		pasquinelli|Any CPU = pasquinelli|Any CPU
		Produzione|Any CPU = Produzione|Any CPU
		Release|Any CPU = Release|Any CPU
		Test|Any CPU = Test|Any CPU
	EndGlobalSection
	GlobalSection(ProjectConfigurationPlatforms) = postSolution
		{B369AC53-E9D0-4D7E-BEF8-F2626F7B8D1D}.aureli|Any CPU.ActiveCfg = aureli|Any CPU
		{B369AC53-E9D0-4D7E-BEF8-F2626F7B8D1D}.aureli|Any CPU.Build.0 = aureli|Any CPU
		{B369AC53-E9D0-4D7E-BEF8-F2626F7B8D1D}.barbieri|Any CPU.ActiveCfg = barbieri|Any CPU
		{B369AC53-E9D0-4D7E-BEF8-F2626F7B8D1D}.barbieri|Any CPU.Build.0 = barbieri|Any CPU
		{B369AC53-E9D0-4D7E-BEF8-F2626F7B8D1D}.Debug|Any CPU.ActiveCfg = Debug|Any CPU
		{B369AC53-E9D0-4D7E-BEF8-F2626F7B8D1D}.Debug|Any CPU.Build.0 = Debug|Any CPU
		{B369AC53-E9D0-4D7E-BEF8-F2626F7B8D1D}.DebugLocal|Any CPU.ActiveCfg = Debug|Any CPU
		{B369AC53-E9D0-4D7E-BEF8-F2626F7B8D1D}.DebugLocal|Any CPU.Build.0 = Debug|Any CPU
		{B369AC53-E9D0-4D7E-BEF8-F2626F7B8D1D}.Frandal|Any CPU.ActiveCfg = Frandal|Any CPU
		{B369AC53-E9D0-4D7E-BEF8-F2626F7B8D1D}.Frandal|Any CPU.Build.0 = Frandal|Any CPU
		{B369AC53-E9D0-4D7E-BEF8-F2626F7B8D1D}.fusco|Any CPU.ActiveCfg = fusco|Any CPU
		{B369AC53-E9D0-4D7E-BEF8-F2626F7B8D1D}.fusco|Any CPU.Build.0 = fusco|Any CPU
		{B369AC53-E9D0-4D7E-BEF8-F2626F7B8D1D}.gobbi|Any CPU.ActiveCfg = gobbi|Any CPU
		{B369AC53-E9D0-4D7E-BEF8-F2626F7B8D1D}.gobbi|Any CPU.Build.0 = gobbi|Any CPU
		{B369AC53-E9D0-4D7E-BEF8-F2626F7B8D1D}.gobbiRegione|Any CPU.ActiveCfg = gobbiRegione|Any CPU
		{B369AC53-E9D0-4D7E-BEF8-F2626F7B8D1D}.gobbiRegione|Any CPU.Build.0 = gobbiRegione|Any CPU
		{B369AC53-E9D0-4D7E-BEF8-F2626F7B8D1D}.pasquinelli|Any CPU.ActiveCfg = pasquinelli|Any CPU
		{B369AC53-E9D0-4D7E-BEF8-F2626F7B8D1D}.pasquinelli|Any CPU.Build.0 = pasquinelli|Any CPU
		{B369AC53-E9D0-4D7E-BEF8-F2626F7B8D1D}.Produzione|Any CPU.ActiveCfg = Produzione|Any CPU
		{B369AC53-E9D0-4D7E-BEF8-F2626F7B8D1D}.Produzione|Any CPU.Build.0 = Produzione|Any CPU
		{B369AC53-E9D0-4D7E-BEF8-F2626F7B8D1D}.Release|Any CPU.ActiveCfg = Release|Any CPU
		{B369AC53-E9D0-4D7E-BEF8-F2626F7B8D1D}.Release|Any CPU.Build.0 = Release|Any CPU
		{B369AC53-E9D0-4D7E-BEF8-F2626F7B8D1D}.Test|Any CPU.ActiveCfg = Test|Any CPU
		{B369AC53-E9D0-4D7E-BEF8-F2626F7B8D1D}.Test|Any CPU.Build.0 = Test|Any CPU
		{29F93A87-F9F2-4253-BB0E-80AA05804A57}.aureli|Any CPU.ActiveCfg = Debug|Any CPU
		{29F93A87-F9F2-4253-BB0E-80AA05804A57}.aureli|Any CPU.Build.0 = Debug|Any CPU
		{29F93A87-F9F2-4253-BB0E-80AA05804A57}.barbieri|Any CPU.ActiveCfg = Debug|Any CPU
		{29F93A87-F9F2-4253-BB0E-80AA05804A57}.barbieri|Any CPU.Build.0 = Debug|Any CPU
		{29F93A87-F9F2-4253-BB0E-80AA05804A57}.Debug|Any CPU.ActiveCfg = Debug|Any CPU
		{29F93A87-F9F2-4253-BB0E-80AA05804A57}.Debug|Any CPU.Build.0 = Debug|Any CPU
		{29F93A87-F9F2-4253-BB0E-80AA05804A57}.DebugLocal|Any CPU.ActiveCfg = Debug|Any CPU
		{29F93A87-F9F2-4253-BB0E-80AA05804A57}.DebugLocal|Any CPU.Build.0 = Debug|Any CPU
		{29F93A87-F9F2-4253-BB0E-80AA05804A57}.Frandal|Any CPU.ActiveCfg = Debug|Any CPU
		{29F93A87-F9F2-4253-BB0E-80AA05804A57}.Frandal|Any CPU.Build.0 = Debug|Any CPU
		{29F93A87-F9F2-4253-BB0E-80AA05804A57}.fusco|Any CPU.ActiveCfg = Debug|Any CPU
		{29F93A87-F9F2-4253-BB0E-80AA05804A57}.fusco|Any CPU.Build.0 = Debug|Any CPU
		{29F93A87-F9F2-4253-BB0E-80AA05804A57}.gobbi|Any CPU.ActiveCfg = Debug|Any CPU
		{29F93A87-F9F2-4253-BB0E-80AA05804A57}.gobbi|Any CPU.Build.0 = Debug|Any CPU
		{29F93A87-F9F2-4253-BB0E-80AA05804A57}.gobbiRegione|Any CPU.ActiveCfg = Debug|Any CPU
		{29F93A87-F9F2-4253-BB0E-80AA05804A57}.gobbiRegione|Any CPU.Build.0 = Debug|Any CPU
		{29F93A87-F9F2-4253-BB0E-80AA05804A57}.pasquinelli|Any CPU.ActiveCfg = Debug|Any CPU
		{29F93A87-F9F2-4253-BB0E-80AA05804A57}.pasquinelli|Any CPU.Build.0 = Debug|Any CPU
		{29F93A87-F9F2-4253-BB0E-80AA05804A57}.Produzione|Any CPU.ActiveCfg = Release|Any CPU
		{29F93A87-F9F2-4253-BB0E-80AA05804A57}.Produzione|Any CPU.Build.0 = Release|Any CPU
		{29F93A87-F9F2-4253-BB0E-80AA05804A57}.Release|Any CPU.ActiveCfg = Release|Any CPU
		{29F93A87-F9F2-4253-BB0E-80AA05804A57}.Release|Any CPU.Build.0 = Release|Any CPU
		{29F93A87-F9F2-4253-BB0E-80AA05804A57}.Test|Any CPU.ActiveCfg = Release|Any CPU
		{29F93A87-F9F2-4253-BB0E-80AA05804A57}.Test|Any CPU.Build.0 = Release|Any CPU
		{992AFF8E-8685-4BDA-B52B-BE98AE58EBA8}.aureli|Any CPU.ActiveCfg = Debug|Any CPU
		{992AFF8E-8685-4BDA-B52B-BE98AE58EBA8}.aureli|Any CPU.Build.0 = Debug|Any CPU
		{992AFF8E-8685-4BDA-B52B-BE98AE58EBA8}.barbieri|Any CPU.ActiveCfg = Debug|Any CPU
		{992AFF8E-8685-4BDA-B52B-BE98AE58EBA8}.barbieri|Any CPU.Build.0 = Debug|Any CPU
		{992AFF8E-8685-4BDA-B52B-BE98AE58EBA8}.Debug|Any CPU.ActiveCfg = Debug|Any CPU
		{992AFF8E-8685-4BDA-B52B-BE98AE58EBA8}.Debug|Any CPU.Build.0 = Debug|Any CPU
		{992AFF8E-8685-4BDA-B52B-BE98AE58EBA8}.DebugLocal|Any CPU.ActiveCfg = Debug|Any CPU
		{992AFF8E-8685-4BDA-B52B-BE98AE58EBA8}.DebugLocal|Any CPU.Build.0 = Debug|Any CPU
		{992AFF8E-8685-4BDA-B52B-BE98AE58EBA8}.Frandal|Any CPU.ActiveCfg = Debug|Any CPU
		{992AFF8E-8685-4BDA-B52B-BE98AE58EBA8}.Frandal|Any CPU.Build.0 = Debug|Any CPU
		{992AFF8E-8685-4BDA-B52B-BE98AE58EBA8}.fusco|Any CPU.ActiveCfg = Debug|Any CPU
		{992AFF8E-8685-4BDA-B52B-BE98AE58EBA8}.fusco|Any CPU.Build.0 = Debug|Any CPU
		{992AFF8E-8685-4BDA-B52B-BE98AE58EBA8}.gobbi|Any CPU.ActiveCfg = Debug|Any CPU
		{992AFF8E-8685-4BDA-B52B-BE98AE58EBA8}.gobbi|Any CPU.Build.0 = Debug|Any CPU
		{992AFF8E-8685-4BDA-B52B-BE98AE58EBA8}.gobbiRegione|Any CPU.ActiveCfg = Debug|Any CPU
		{992AFF8E-8685-4BDA-B52B-BE98AE58EBA8}.gobbiRegione|Any CPU.Build.0 = Debug|Any CPU
		{992AFF8E-8685-4BDA-B52B-BE98AE58EBA8}.pasquinelli|Any CPU.ActiveCfg = Debug|Any CPU
		{992AFF8E-8685-4BDA-B52B-BE98AE58EBA8}.pasquinelli|Any CPU.Build.0 = Debug|Any CPU
		{992AFF8E-8685-4BDA-B52B-BE98AE58EBA8}.Produzione|Any CPU.ActiveCfg = Release|Any CPU
		{992AFF8E-8685-4BDA-B52B-BE98AE58EBA8}.Produzione|Any CPU.Build.0 = Release|Any CPU
		{992AFF8E-8685-4BDA-B52B-BE98AE58EBA8}.Release|Any CPU.ActiveCfg = Release|Any CPU
		{992AFF8E-8685-4BDA-B52B-BE98AE58EBA8}.Release|Any CPU.Build.0 = Release|Any CPU
		{992AFF8E-8685-4BDA-B52B-BE98AE58EBA8}.Test|Any CPU.ActiveCfg = Release|Any CPU
		{992AFF8E-8685-4BDA-B52B-BE98AE58EBA8}.Test|Any CPU.Build.0 = Release|Any CPU
		{61E62134-7D9B-4700-8DCF-9BAB5AA6ACF4}.aureli|Any CPU.ActiveCfg = Debug|Any CPU
		{61E62134-7D9B-4700-8DCF-9BAB5AA6ACF4}.aureli|Any CPU.Build.0 = Debug|Any CPU
		{61E62134-7D9B-4700-8DCF-9BAB5AA6ACF4}.barbieri|Any CPU.ActiveCfg = Debug|Any CPU
		{61E62134-7D9B-4700-8DCF-9BAB5AA6ACF4}.barbieri|Any CPU.Build.0 = Debug|Any CPU
		{61E62134-7D9B-4700-8DCF-9BAB5AA6ACF4}.Debug|Any CPU.ActiveCfg = Debug|Any CPU
		{61E62134-7D9B-4700-8DCF-9BAB5AA6ACF4}.Debug|Any CPU.Build.0 = Debug|Any CPU
		{61E62134-7D9B-4700-8DCF-9BAB5AA6ACF4}.DebugLocal|Any CPU.ActiveCfg = Debug|Any CPU
		{61E62134-7D9B-4700-8DCF-9BAB5AA6ACF4}.DebugLocal|Any CPU.Build.0 = Debug|Any CPU
		{61E62134-7D9B-4700-8DCF-9BAB5AA6ACF4}.Frandal|Any CPU.ActiveCfg = Debug|Any CPU
		{61E62134-7D9B-4700-8DCF-9BAB5AA6ACF4}.Frandal|Any CPU.Build.0 = Debug|Any CPU
		{61E62134-7D9B-4700-8DCF-9BAB5AA6ACF4}.fusco|Any CPU.ActiveCfg = Debug|Any CPU
		{61E62134-7D9B-4700-8DCF-9BAB5AA6ACF4}.fusco|Any CPU.Build.0 = Debug|Any CPU
		{61E62134-7D9B-4700-8DCF-9BAB5AA6ACF4}.gobbi|Any CPU.ActiveCfg = Debug|Any CPU
		{61E62134-7D9B-4700-8DCF-9BAB5AA6ACF4}.gobbi|Any CPU.Build.0 = Debug|Any CPU
		{61E62134-7D9B-4700-8DCF-9BAB5AA6ACF4}.gobbiRegione|Any CPU.ActiveCfg = Debug|Any CPU
		{61E62134-7D9B-4700-8DCF-9BAB5AA6ACF4}.gobbiRegione|Any CPU.Build.0 = Debug|Any CPU
		{61E62134-7D9B-4700-8DCF-9BAB5AA6ACF4}.pasquinelli|Any CPU.ActiveCfg = Debug|Any CPU
		{61E62134-7D9B-4700-8DCF-9BAB5AA6ACF4}.pasquinelli|Any CPU.Build.0 = Debug|Any CPU
		{61E62134-7D9B-4700-8DCF-9BAB5AA6ACF4}.Produzione|Any CPU.ActiveCfg = Release|Any CPU
		{61E62134-7D9B-4700-8DCF-9BAB5AA6ACF4}.Produzione|Any CPU.Build.0 = Release|Any CPU
		{61E62134-7D9B-4700-8DCF-9BAB5AA6ACF4}.Release|Any CPU.ActiveCfg = Release|Any CPU
		{61E62134-7D9B-4700-8DCF-9BAB5AA6ACF4}.Release|Any CPU.Build.0 = Release|Any CPU
		{61E62134-7D9B-4700-8DCF-9BAB5AA6ACF4}.Test|Any CPU.ActiveCfg = Release|Any CPU
		{61E62134-7D9B-4700-8DCF-9BAB5AA6ACF4}.Test|Any CPU.Build.0 = Release|Any CPU
		{453F80C4-1553-4B57-AC77-58CEDE9F11CC}.aureli|Any CPU.ActiveCfg = Debug|Any CPU
		{453F80C4-1553-4B57-AC77-58CEDE9F11CC}.aureli|Any CPU.Build.0 = Debug|Any CPU
		{453F80C4-1553-4B57-AC77-58CEDE9F11CC}.barbieri|Any CPU.ActiveCfg = Debug|Any CPU
		{453F80C4-1553-4B57-AC77-58CEDE9F11CC}.barbieri|Any CPU.Build.0 = Debug|Any CPU
		{453F80C4-1553-4B57-AC77-58CEDE9F11CC}.Debug|Any CPU.ActiveCfg = Debug|Any CPU
		{453F80C4-1553-4B57-AC77-58CEDE9F11CC}.Debug|Any CPU.Build.0 = Debug|Any CPU
		{453F80C4-1553-4B57-AC77-58CEDE9F11CC}.DebugLocal|Any CPU.ActiveCfg = Debug|Any CPU
		{453F80C4-1553-4B57-AC77-58CEDE9F11CC}.DebugLocal|Any CPU.Build.0 = Debug|Any CPU
		{453F80C4-1553-4B57-AC77-58CEDE9F11CC}.Frandal|Any CPU.ActiveCfg = Debug|Any CPU
		{453F80C4-1553-4B57-AC77-58CEDE9F11CC}.Frandal|Any CPU.Build.0 = Debug|Any CPU
		{453F80C4-1553-4B57-AC77-58CEDE9F11CC}.fusco|Any CPU.ActiveCfg = Debug|Any CPU
		{453F80C4-1553-4B57-AC77-58CEDE9F11CC}.fusco|Any CPU.Build.0 = Debug|Any CPU
		{453F80C4-1553-4B57-AC77-58CEDE9F11CC}.gobbi|Any CPU.ActiveCfg = Debug|Any CPU
		{453F80C4-1553-4B57-AC77-58CEDE9F11CC}.gobbi|Any CPU.Build.0 = Debug|Any CPU
		{453F80C4-1553-4B57-AC77-58CEDE9F11CC}.gobbiRegione|Any CPU.ActiveCfg = Debug|Any CPU
		{453F80C4-1553-4B57-AC77-58CEDE9F11CC}.gobbiRegione|Any CPU.Build.0 = Debug|Any CPU
		{453F80C4-1553-4B57-AC77-58CEDE9F11CC}.pasquinelli|Any CPU.ActiveCfg = Debug|Any CPU
		{453F80C4-1553-4B57-AC77-58CEDE9F11CC}.pasquinelli|Any CPU.Build.0 = Debug|Any CPU
		{453F80C4-1553-4B57-AC77-58CEDE9F11CC}.Produzione|Any CPU.ActiveCfg = Release|Any CPU
		{453F80C4-1553-4B57-AC77-58CEDE9F11CC}.Produzione|Any CPU.Build.0 = Release|Any CPU
		{453F80C4-1553-4B57-AC77-58CEDE9F11CC}.Release|Any CPU.ActiveCfg = Release|Any CPU
		{453F80C4-1553-4B57-AC77-58CEDE9F11CC}.Release|Any CPU.Build.0 = Release|Any CPU
		{453F80C4-1553-4B57-AC77-58CEDE9F11CC}.Test|Any CPU.ActiveCfg = Release|Any CPU
		{453F80C4-1553-4B57-AC77-58CEDE9F11CC}.Test|Any CPU.Build.0 = Release|Any CPU
		{D2C02A0C-6638-43A4-8E17-C1781E462E1C}.aureli|Any CPU.ActiveCfg = Debug|Any CPU
		{D2C02A0C-6638-43A4-8E17-C1781E462E1C}.aureli|Any CPU.Build.0 = Debug|Any CPU
		{D2C02A0C-6638-43A4-8E17-C1781E462E1C}.barbieri|Any CPU.ActiveCfg = Debug|Any CPU
		{D2C02A0C-6638-43A4-8E17-C1781E462E1C}.barbieri|Any CPU.Build.0 = Debug|Any CPU
		{D2C02A0C-6638-43A4-8E17-C1781E462E1C}.Debug|Any CPU.ActiveCfg = Debug|Any CPU
		{D2C02A0C-6638-43A4-8E17-C1781E462E1C}.Debug|Any CPU.Build.0 = Debug|Any CPU
		{D2C02A0C-6638-43A4-8E17-C1781E462E1C}.DebugLocal|Any CPU.ActiveCfg = Debug|Any CPU
		{D2C02A0C-6638-43A4-8E17-C1781E462E1C}.DebugLocal|Any CPU.Build.0 = Debug|Any CPU
		{D2C02A0C-6638-43A4-8E17-C1781E462E1C}.Frandal|Any CPU.ActiveCfg = Debug|Any CPU
		{D2C02A0C-6638-43A4-8E17-C1781E462E1C}.Frandal|Any CPU.Build.0 = Debug|Any CPU
		{D2C02A0C-6638-43A4-8E17-C1781E462E1C}.fusco|Any CPU.ActiveCfg = Debug|Any CPU
		{D2C02A0C-6638-43A4-8E17-C1781E462E1C}.fusco|Any CPU.Build.0 = Debug|Any CPU
		{D2C02A0C-6638-43A4-8E17-C1781E462E1C}.gobbi|Any CPU.ActiveCfg = Debug|Any CPU
		{D2C02A0C-6638-43A4-8E17-C1781E462E1C}.gobbi|Any CPU.Build.0 = Debug|Any CPU
		{D2C02A0C-6638-43A4-8E17-C1781E462E1C}.gobbiRegione|Any CPU.ActiveCfg = Debug|Any CPU
		{D2C02A0C-6638-43A4-8E17-C1781E462E1C}.gobbiRegione|Any CPU.Build.0 = Debug|Any CPU
		{D2C02A0C-6638-43A4-8E17-C1781E462E1C}.pasquinelli|Any CPU.ActiveCfg = Debug|Any CPU
		{D2C02A0C-6638-43A4-8E17-C1781E462E1C}.pasquinelli|Any CPU.Build.0 = Debug|Any CPU
		{D2C02A0C-6638-43A4-8E17-C1781E462E1C}.Produzione|Any CPU.ActiveCfg = Release|Any CPU
		{D2C02A0C-6638-43A4-8E17-C1781E462E1C}.Produzione|Any CPU.Build.0 = Release|Any CPU
		{D2C02A0C-6638-43A4-8E17-C1781E462E1C}.Release|Any CPU.ActiveCfg = Release|Any CPU
		{D2C02A0C-6638-43A4-8E17-C1781E462E1C}.Release|Any CPU.Build.0 = Release|Any CPU
		{D2C02A0C-6638-43A4-8E17-C1781E462E1C}.Test|Any CPU.ActiveCfg = Release|Any CPU
		{D2C02A0C-6638-43A4-8E17-C1781E462E1C}.Test|Any CPU.Build.0 = Release|Any CPU
		{414A358B-FF05-4EEA-824F-55BFCC3D8EDD}.aureli|Any CPU.ActiveCfg = Debug|Any CPU
		{414A358B-FF05-4EEA-824F-55BFCC3D8EDD}.aureli|Any CPU.Build.0 = Debug|Any CPU
		{414A358B-FF05-4EEA-824F-55BFCC3D8EDD}.barbieri|Any CPU.ActiveCfg = Debug|Any CPU
		{414A358B-FF05-4EEA-824F-55BFCC3D8EDD}.barbieri|Any CPU.Build.0 = Debug|Any CPU
		{414A358B-FF05-4EEA-824F-55BFCC3D8EDD}.Debug|Any CPU.ActiveCfg = Debug|Any CPU
		{414A358B-FF05-4EEA-824F-55BFCC3D8EDD}.Debug|Any CPU.Build.0 = Debug|Any CPU
		{414A358B-FF05-4EEA-824F-55BFCC3D8EDD}.DebugLocal|Any CPU.ActiveCfg = Debug|Any CPU
		{414A358B-FF05-4EEA-824F-55BFCC3D8EDD}.DebugLocal|Any CPU.Build.0 = Debug|Any CPU
		{414A358B-FF05-4EEA-824F-55BFCC3D8EDD}.Frandal|Any CPU.ActiveCfg = Debug|Any CPU
		{414A358B-FF05-4EEA-824F-55BFCC3D8EDD}.Frandal|Any CPU.Build.0 = Debug|Any CPU
		{414A358B-FF05-4EEA-824F-55BFCC3D8EDD}.fusco|Any CPU.ActiveCfg = Debug|Any CPU
		{414A358B-FF05-4EEA-824F-55BFCC3D8EDD}.fusco|Any CPU.Build.0 = Debug|Any CPU
		{414A358B-FF05-4EEA-824F-55BFCC3D8EDD}.gobbi|Any CPU.ActiveCfg = Debug|Any CPU
		{414A358B-FF05-4EEA-824F-55BFCC3D8EDD}.gobbi|Any CPU.Build.0 = Debug|Any CPU
		{414A358B-FF05-4EEA-824F-55BFCC3D8EDD}.gobbiRegione|Any CPU.ActiveCfg = Debug|Any CPU
		{414A358B-FF05-4EEA-824F-55BFCC3D8EDD}.gobbiRegione|Any CPU.Build.0 = Debug|Any CPU
		{414A358B-FF05-4EEA-824F-55BFCC3D8EDD}.pasquinelli|Any CPU.ActiveCfg = Debug|Any CPU
		{414A358B-FF05-4EEA-824F-55BFCC3D8EDD}.pasquinelli|Any CPU.Build.0 = Debug|Any CPU
		{414A358B-FF05-4EEA-824F-55BFCC3D8EDD}.Produzione|Any CPU.ActiveCfg = Release|Any CPU
		{414A358B-FF05-4EEA-824F-55BFCC3D8EDD}.Produzione|Any CPU.Build.0 = Release|Any CPU
		{414A358B-FF05-4EEA-824F-55BFCC3D8EDD}.Release|Any CPU.ActiveCfg = Release|Any CPU
		{414A358B-FF05-4EEA-824F-55BFCC3D8EDD}.Release|Any CPU.Build.0 = Release|Any CPU
		{414A358B-FF05-4EEA-824F-55BFCC3D8EDD}.Test|Any CPU.ActiveCfg = Release|Any CPU
		{414A358B-FF05-4EEA-824F-55BFCC3D8EDD}.Test|Any CPU.Build.0 = Release|Any CPU
		{13D384B6-807C-4D50-9A95-BAADDE0FED59}.aureli|Any CPU.ActiveCfg = Debug|Any CPU
		{13D384B6-807C-4D50-9A95-BAADDE0FED59}.aureli|Any CPU.Build.0 = Debug|Any CPU
		{13D384B6-807C-4D50-9A95-BAADDE0FED59}.barbieri|Any CPU.ActiveCfg = Debug|Any CPU
		{13D384B6-807C-4D50-9A95-BAADDE0FED59}.barbieri|Any CPU.Build.0 = Debug|Any CPU
		{13D384B6-807C-4D50-9A95-BAADDE0FED59}.Debug|Any CPU.ActiveCfg = Debug|Any CPU
		{13D384B6-807C-4D50-9A95-BAADDE0FED59}.Debug|Any CPU.Build.0 = Debug|Any CPU
		{13D384B6-807C-4D50-9A95-BAADDE0FED59}.DebugLocal|Any CPU.ActiveCfg = Debug|Any CPU
		{13D384B6-807C-4D50-9A95-BAADDE0FED59}.DebugLocal|Any CPU.Build.0 = Debug|Any CPU
		{13D384B6-807C-4D50-9A95-BAADDE0FED59}.Frandal|Any CPU.ActiveCfg = Debug|Any CPU
		{13D384B6-807C-4D50-9A95-BAADDE0FED59}.Frandal|Any CPU.Build.0 = Debug|Any CPU
		{13D384B6-807C-4D50-9A95-BAADDE0FED59}.fusco|Any CPU.ActiveCfg = Debug|Any CPU
		{13D384B6-807C-4D50-9A95-BAADDE0FED59}.fusco|Any CPU.Build.0 = Debug|Any CPU
		{13D384B6-807C-4D50-9A95-BAADDE0FED59}.gobbi|Any CPU.ActiveCfg = Debug|Any CPU
		{13D384B6-807C-4D50-9A95-BAADDE0FED59}.gobbi|Any CPU.Build.0 = Debug|Any CPU
		{13D384B6-807C-4D50-9A95-BAADDE0FED59}.gobbiRegione|Any CPU.ActiveCfg = Debug|Any CPU
		{13D384B6-807C-4D50-9A95-BAADDE0FED59}.gobbiRegione|Any CPU.Build.0 = Debug|Any CPU
		{13D384B6-807C-4D50-9A95-BAADDE0FED59}.pasquinelli|Any CPU.ActiveCfg = Debug|Any CPU
		{13D384B6-807C-4D50-9A95-BAADDE0FED59}.pasquinelli|Any CPU.Build.0 = Debug|Any CPU
		{13D384B6-807C-4D50-9A95-BAADDE0FED59}.Produzione|Any CPU.ActiveCfg = Release|Any CPU
		{13D384B6-807C-4D50-9A95-BAADDE0FED59}.Produzione|Any CPU.Build.0 = Release|Any CPU
		{13D384B6-807C-4D50-9A95-BAADDE0FED59}.Release|Any CPU.ActiveCfg = Release|Any CPU
		{13D384B6-807C-4D50-9A95-BAADDE0FED59}.Release|Any CPU.Build.0 = Release|Any CPU
		{13D384B6-807C-4D50-9A95-BAADDE0FED59}.Test|Any CPU.ActiveCfg = Release|Any CPU
		{13D384B6-807C-4D50-9A95-BAADDE0FED59}.Test|Any CPU.Build.0 = Release|Any CPU
		{51869DB8-9CD4-440C-9F2F-23F2C4BCE966}.aureli|Any CPU.ActiveCfg = Debug|Any CPU
		{51869DB8-9CD4-440C-9F2F-23F2C4BCE966}.aureli|Any CPU.Build.0 = Debug|Any CPU
		{51869DB8-9CD4-440C-9F2F-23F2C4BCE966}.barbieri|Any CPU.ActiveCfg = Debug|Any CPU
		{51869DB8-9CD4-440C-9F2F-23F2C4BCE966}.barbieri|Any CPU.Build.0 = Debug|Any CPU
		{51869DB8-9CD4-440C-9F2F-23F2C4BCE966}.Debug|Any CPU.ActiveCfg = Debug|Any CPU
		{51869DB8-9CD4-440C-9F2F-23F2C4BCE966}.Debug|Any CPU.Build.0 = Debug|Any CPU
		{51869DB8-9CD4-440C-9F2F-23F2C4BCE966}.DebugLocal|Any CPU.ActiveCfg = Debug|Any CPU
		{51869DB8-9CD4-440C-9F2F-23F2C4BCE966}.DebugLocal|Any CPU.Build.0 = Debug|Any CPU
		{51869DB8-9CD4-440C-9F2F-23F2C4BCE966}.Frandal|Any CPU.ActiveCfg = Debug|Any CPU
		{51869DB8-9CD4-440C-9F2F-23F2C4BCE966}.Frandal|Any CPU.Build.0 = Debug|Any CPU
		{51869DB8-9CD4-440C-9F2F-23F2C4BCE966}.fusco|Any CPU.ActiveCfg = Debug|Any CPU
		{51869DB8-9CD4-440C-9F2F-23F2C4BCE966}.fusco|Any CPU.Build.0 = Debug|Any CPU
		{51869DB8-9CD4-440C-9F2F-23F2C4BCE966}.gobbi|Any CPU.ActiveCfg = Debug|Any CPU
		{51869DB8-9CD4-440C-9F2F-23F2C4BCE966}.gobbi|Any CPU.Build.0 = Debug|Any CPU
		{51869DB8-9CD4-440C-9F2F-23F2C4BCE966}.gobbiRegione|Any CPU.ActiveCfg = Debug|Any CPU
		{51869DB8-9CD4-440C-9F2F-23F2C4BCE966}.gobbiRegione|Any CPU.Build.0 = Debug|Any CPU
		{51869DB8-9CD4-440C-9F2F-23F2C4BCE966}.pasquinelli|Any CPU.ActiveCfg = Debug|Any CPU
		{51869DB8-9CD4-440C-9F2F-23F2C4BCE966}.pasquinelli|Any CPU.Build.0 = Debug|Any CPU
		{51869DB8-9CD4-440C-9F2F-23F2C4BCE966}.Produzione|Any CPU.ActiveCfg = Release|Any CPU
		{51869DB8-9CD4-440C-9F2F-23F2C4BCE966}.Produzione|Any CPU.Build.0 = Release|Any CPU
		{51869DB8-9CD4-440C-9F2F-23F2C4BCE966}.Release|Any CPU.ActiveCfg = Release|Any CPU
		{51869DB8-9CD4-440C-9F2F-23F2C4BCE966}.Release|Any CPU.Build.0 = Release|Any CPU
		{51869DB8-9CD4-440C-9F2F-23F2C4BCE966}.Test|Any CPU.ActiveCfg = Release|Any CPU
		{51869DB8-9CD4-440C-9F2F-23F2C4BCE966}.Test|Any CPU.Build.0 = Release|Any CPU
		{A9CD6A8C-F7EF-404F-AA46-DFE0A166CE07}.aureli|Any CPU.ActiveCfg = Debug|Any CPU
		{A9CD6A8C-F7EF-404F-AA46-DFE0A166CE07}.aureli|Any CPU.Build.0 = Debug|Any CPU
		{A9CD6A8C-F7EF-404F-AA46-DFE0A166CE07}.barbieri|Any CPU.ActiveCfg = Debug|Any CPU
		{A9CD6A8C-F7EF-404F-AA46-DFE0A166CE07}.barbieri|Any CPU.Build.0 = Debug|Any CPU
		{A9CD6A8C-F7EF-404F-AA46-DFE0A166CE07}.Debug|Any CPU.ActiveCfg = Debug|Any CPU
		{A9CD6A8C-F7EF-404F-AA46-DFE0A166CE07}.Debug|Any CPU.Build.0 = Debug|Any CPU
		{A9CD6A8C-F7EF-404F-AA46-DFE0A166CE07}.DebugLocal|Any CPU.ActiveCfg = Debug|Any CPU
		{A9CD6A8C-F7EF-404F-AA46-DFE0A166CE07}.DebugLocal|Any CPU.Build.0 = Debug|Any CPU
		{A9CD6A8C-F7EF-404F-AA46-DFE0A166CE07}.Frandal|Any CPU.ActiveCfg = Debug|Any CPU
		{A9CD6A8C-F7EF-404F-AA46-DFE0A166CE07}.Frandal|Any CPU.Build.0 = Debug|Any CPU
		{A9CD6A8C-F7EF-404F-AA46-DFE0A166CE07}.fusco|Any CPU.ActiveCfg = Debug|Any CPU
		{A9CD6A8C-F7EF-404F-AA46-DFE0A166CE07}.fusco|Any CPU.Build.0 = Debug|Any CPU
		{A9CD6A8C-F7EF-404F-AA46-DFE0A166CE07}.gobbi|Any CPU.ActiveCfg = Debug|Any CPU
		{A9CD6A8C-F7EF-404F-AA46-DFE0A166CE07}.gobbi|Any CPU.Build.0 = Debug|Any CPU
		{A9CD6A8C-F7EF-404F-AA46-DFE0A166CE07}.gobbiRegione|Any CPU.ActiveCfg = Debug|Any CPU
		{A9CD6A8C-F7EF-404F-AA46-DFE0A166CE07}.gobbiRegione|Any CPU.Build.0 = Debug|Any CPU
		{A9CD6A8C-F7EF-404F-AA46-DFE0A166CE07}.pasquinelli|Any CPU.ActiveCfg = Debug|Any CPU
		{A9CD6A8C-F7EF-404F-AA46-DFE0A166CE07}.pasquinelli|Any CPU.Build.0 = Debug|Any CPU
		{A9CD6A8C-F7EF-404F-AA46-DFE0A166CE07}.Produzione|Any CPU.ActiveCfg = Release|Any CPU
		{A9CD6A8C-F7EF-404F-AA46-DFE0A166CE07}.Produzione|Any CPU.Build.0 = Release|Any CPU
		{A9CD6A8C-F7EF-404F-AA46-DFE0A166CE07}.Release|Any CPU.ActiveCfg = Release|Any CPU
		{A9CD6A8C-F7EF-404F-AA46-DFE0A166CE07}.Release|Any CPU.Build.0 = Release|Any CPU
		{A9CD6A8C-F7EF-404F-AA46-DFE0A166CE07}.Test|Any CPU.ActiveCfg = Release|Any CPU
		{A9CD6A8C-F7EF-404F-AA46-DFE0A166CE07}.Test|Any CPU.Build.0 = Release|Any CPU
		{63FA49D4-E485-4D66-948D-78E3802CB6EA}.aureli|Any CPU.ActiveCfg = Debug|Any CPU
		{63FA49D4-E485-4D66-948D-78E3802CB6EA}.aureli|Any CPU.Build.0 = Debug|Any CPU
		{63FA49D4-E485-4D66-948D-78E3802CB6EA}.barbieri|Any CPU.ActiveCfg = Debug|Any CPU
		{63FA49D4-E485-4D66-948D-78E3802CB6EA}.barbieri|Any CPU.Build.0 = Debug|Any CPU
		{63FA49D4-E485-4D66-948D-78E3802CB6EA}.Debug|Any CPU.ActiveCfg = Debug|Any CPU
		{63FA49D4-E485-4D66-948D-78E3802CB6EA}.Debug|Any CPU.Build.0 = Debug|Any CPU
		{63FA49D4-E485-4D66-948D-78E3802CB6EA}.DebugLocal|Any CPU.ActiveCfg = Debug|Any CPU
		{63FA49D4-E485-4D66-948D-78E3802CB6EA}.DebugLocal|Any CPU.Build.0 = Debug|Any CPU
		{63FA49D4-E485-4D66-948D-78E3802CB6EA}.Frandal|Any CPU.ActiveCfg = Debug|Any CPU
		{63FA49D4-E485-4D66-948D-78E3802CB6EA}.Frandal|Any CPU.Build.0 = Debug|Any CPU
		{63FA49D4-E485-4D66-948D-78E3802CB6EA}.fusco|Any CPU.ActiveCfg = Debug|Any CPU
		{63FA49D4-E485-4D66-948D-78E3802CB6EA}.fusco|Any CPU.Build.0 = Debug|Any CPU
		{63FA49D4-E485-4D66-948D-78E3802CB6EA}.gobbi|Any CPU.ActiveCfg = Debug|Any CPU
		{63FA49D4-E485-4D66-948D-78E3802CB6EA}.gobbi|Any CPU.Build.0 = Debug|Any CPU
		{63FA49D4-E485-4D66-948D-78E3802CB6EA}.gobbiRegione|Any CPU.ActiveCfg = Debug|Any CPU
		{63FA49D4-E485-4D66-948D-78E3802CB6EA}.gobbiRegione|Any CPU.Build.0 = Debug|Any CPU
		{63FA49D4-E485-4D66-948D-78E3802CB6EA}.pasquinelli|Any CPU.ActiveCfg = Debug|Any CPU
		{63FA49D4-E485-4D66-948D-78E3802CB6EA}.pasquinelli|Any CPU.Build.0 = Debug|Any CPU
		{63FA49D4-E485-4D66-948D-78E3802CB6EA}.Produzione|Any CPU.ActiveCfg = Release|Any CPU
		{63FA49D4-E485-4D66-948D-78E3802CB6EA}.Produzione|Any CPU.Build.0 = Release|Any CPU
		{63FA49D4-E485-4D66-948D-78E3802CB6EA}.Release|Any CPU.ActiveCfg = Release|Any CPU
		{63FA49D4-E485-4D66-948D-78E3802CB6EA}.Release|Any CPU.Build.0 = Release|Any CPU
		{63FA49D4-E485-4D66-948D-78E3802CB6EA}.Test|Any CPU.ActiveCfg = Release|Any CPU
		{63FA49D4-E485-4D66-948D-78E3802CB6EA}.Test|Any CPU.Build.0 = Release|Any CPU
		{DB5D393F-6261-47D2-8859-C8A1B4D380CE}.aureli|Any CPU.ActiveCfg = Debug|Any CPU
		{DB5D393F-6261-47D2-8859-C8A1B4D380CE}.aureli|Any CPU.Build.0 = Debug|Any CPU
		{DB5D393F-6261-47D2-8859-C8A1B4D380CE}.barbieri|Any CPU.ActiveCfg = Debug|Any CPU
		{DB5D393F-6261-47D2-8859-C8A1B4D380CE}.barbieri|Any CPU.Build.0 = Debug|Any CPU
		{DB5D393F-6261-47D2-8859-C8A1B4D380CE}.Debug|Any CPU.ActiveCfg = Debug|Any CPU
		{DB5D393F-6261-47D2-8859-C8A1B4D380CE}.Debug|Any CPU.Build.0 = Debug|Any CPU
		{DB5D393F-6261-47D2-8859-C8A1B4D380CE}.Debug|Any CPU.Deploy.0 = Debug|Any CPU
		{DB5D393F-6261-47D2-8859-C8A1B4D380CE}.DebugLocal|Any CPU.ActiveCfg = Debug|Any CPU
		{DB5D393F-6261-47D2-8859-C8A1B4D380CE}.DebugLocal|Any CPU.Build.0 = Debug|Any CPU
		{DB5D393F-6261-47D2-8859-C8A1B4D380CE}.DebugLocal|Any CPU.Deploy.0 = Debug|Any CPU
		{DB5D393F-6261-47D2-8859-C8A1B4D380CE}.Frandal|Any CPU.ActiveCfg = Debug|Any CPU
		{DB5D393F-6261-47D2-8859-C8A1B4D380CE}.Frandal|Any CPU.Build.0 = Debug|Any CPU
		{DB5D393F-6261-47D2-8859-C8A1B4D380CE}.fusco|Any CPU.ActiveCfg = Debug|Any CPU
		{DB5D393F-6261-47D2-8859-C8A1B4D380CE}.fusco|Any CPU.Build.0 = Debug|Any CPU
		{DB5D393F-6261-47D2-8859-C8A1B4D380CE}.gobbi|Any CPU.ActiveCfg = Debug|Any CPU
		{DB5D393F-6261-47D2-8859-C8A1B4D380CE}.gobbi|Any CPU.Build.0 = Debug|Any CPU
		{DB5D393F-6261-47D2-8859-C8A1B4D380CE}.gobbiRegione|Any CPU.ActiveCfg = Release|Any CPU
		{DB5D393F-6261-47D2-8859-C8A1B4D380CE}.gobbiRegione|Any CPU.Build.0 = Release|Any CPU
		{DB5D393F-6261-47D2-8859-C8A1B4D380CE}.pasquinelli|Any CPU.ActiveCfg = Debug|Any CPU
		{DB5D393F-6261-47D2-8859-C8A1B4D380CE}.pasquinelli|Any CPU.Build.0 = Debug|Any CPU
		{DB5D393F-6261-47D2-8859-C8A1B4D380CE}.Produzione|Any CPU.ActiveCfg = Release|Any CPU
		{DB5D393F-6261-47D2-8859-C8A1B4D380CE}.Produzione|Any CPU.Build.0 = Release|Any CPU
		{DB5D393F-6261-47D2-8859-C8A1B4D380CE}.Release|Any CPU.ActiveCfg = Release|Any CPU
		{DB5D393F-6261-47D2-8859-C8A1B4D380CE}.Release|Any CPU.Build.0 = Release|Any CPU
		{DB5D393F-6261-47D2-8859-C8A1B4D380CE}.Release|Any CPU.Deploy.0 = Release|Any CPU
		{DB5D393F-6261-47D2-8859-C8A1B4D380CE}.Test|Any CPU.ActiveCfg = Release|Any CPU
		{DB5D393F-6261-47D2-8859-C8A1B4D380CE}.Test|Any CPU.Build.0 = Release|Any CPU
		{7B715D02-CCB3-45B2-B315-580F799D91E1}.aureli|Any CPU.ActiveCfg = Release|Any CPU
		{7B715D02-CCB3-45B2-B315-580F799D91E1}.aureli|Any CPU.Build.0 = Release|Any CPU
		{7B715D02-CCB3-45B2-B315-580F799D91E1}.barbieri|Any CPU.ActiveCfg = Release|Any CPU
		{7B715D02-CCB3-45B2-B315-580F799D91E1}.barbieri|Any CPU.Build.0 = Release|Any CPU
		{7B715D02-CCB3-45B2-B315-580F799D91E1}.Debug|Any CPU.ActiveCfg = Debug|Any CPU
		{7B715D02-CCB3-45B2-B315-580F799D91E1}.Debug|Any CPU.Build.0 = Debug|Any CPU
		{7B715D02-CCB3-45B2-B315-580F799D91E1}.DebugLocal|Any CPU.ActiveCfg = Debug|Any CPU
		{7B715D02-CCB3-45B2-B315-580F799D91E1}.DebugLocal|Any CPU.Build.0 = Debug|Any CPU
		{7B715D02-CCB3-45B2-B315-580F799D91E1}.Frandal|Any CPU.ActiveCfg = Release|Any CPU
		{7B715D02-CCB3-45B2-B315-580F799D91E1}.Frandal|Any CPU.Build.0 = Release|Any CPU
		{7B715D02-CCB3-45B2-B315-580F799D91E1}.fusco|Any CPU.ActiveCfg = Release|Any CPU
		{7B715D02-CCB3-45B2-B315-580F799D91E1}.fusco|Any CPU.Build.0 = Release|Any CPU
		{7B715D02-CCB3-45B2-B315-580F799D91E1}.gobbi|Any CPU.ActiveCfg = Release|Any CPU
		{7B715D02-CCB3-45B2-B315-580F799D91E1}.gobbi|Any CPU.Build.0 = Release|Any CPU
		{7B715D02-CCB3-45B2-B315-580F799D91E1}.gobbiRegione|Any CPU.ActiveCfg = Release|Any CPU
		{7B715D02-CCB3-45B2-B315-580F799D91E1}.gobbiRegione|Any CPU.Build.0 = Release|Any CPU
		{7B715D02-CCB3-45B2-B315-580F799D91E1}.pasquinelli|Any CPU.ActiveCfg = Release|Any CPU
		{7B715D02-CCB3-45B2-B315-580F799D91E1}.pasquinelli|Any CPU.Build.0 = Release|Any CPU
		{7B715D02-CCB3-45B2-B315-580F799D91E1}.Produzione|Any CPU.ActiveCfg = Release|Any CPU
		{7B715D02-CCB3-45B2-B315-580F799D91E1}.Produzione|Any CPU.Build.0 = Release|Any CPU
		{7B715D02-CCB3-45B2-B315-580F799D91E1}.Release|Any CPU.ActiveCfg = Release|Any CPU
		{7B715D02-CCB3-45B2-B315-580F799D91E1}.Release|Any CPU.Build.0 = Release|Any CPU
		{7B715D02-CCB3-45B2-B315-580F799D91E1}.Test|Any CPU.ActiveCfg = Release|Any CPU
		{7B715D02-CCB3-45B2-B315-580F799D91E1}.Test|Any CPU.Build.0 = Release|Any CPU
		{EA927912-F4C5-49E8-A679-6D5F15E7691A}.aureli|Any CPU.ActiveCfg = Release
		{EA927912-F4C5-49E8-A679-6D5F15E7691A}.aureli|Any CPU.Build.0 = Release
		{EA927912-F4C5-49E8-A679-6D5F15E7691A}.aureli|Any CPU.Deploy.0 = Release
		{EA927912-F4C5-49E8-A679-6D5F15E7691A}.barbieri|Any CPU.ActiveCfg = Release
		{EA927912-F4C5-49E8-A679-6D5F15E7691A}.barbieri|Any CPU.Build.0 = Release
		{EA927912-F4C5-49E8-A679-6D5F15E7691A}.barbieri|Any CPU.Deploy.0 = Release
		{EA927912-F4C5-49E8-A679-6D5F15E7691A}.Debug|Any CPU.ActiveCfg = Debug
		{EA927912-F4C5-49E8-A679-6D5F15E7691A}.Debug|Any CPU.Build.0 = Debug
		{EA927912-F4C5-49E8-A679-6D5F15E7691A}.Debug|Any CPU.Deploy.0 = Debug
		{EA927912-F4C5-49E8-A679-6D5F15E7691A}.DebugLocal|Any CPU.ActiveCfg = DebugLocal
		{EA927912-F4C5-49E8-A679-6D5F15E7691A}.DebugLocal|Any CPU.Build.0 = DebugLocal
		{EA927912-F4C5-49E8-A679-6D5F15E7691A}.Frandal|Any CPU.ActiveCfg = Release
		{EA927912-F4C5-49E8-A679-6D5F15E7691A}.Frandal|Any CPU.Build.0 = Release
		{EA927912-F4C5-49E8-A679-6D5F15E7691A}.Frandal|Any CPU.Deploy.0 = Release
		{EA927912-F4C5-49E8-A679-6D5F15E7691A}.fusco|Any CPU.ActiveCfg = Release
		{EA927912-F4C5-49E8-A679-6D5F15E7691A}.fusco|Any CPU.Build.0 = Release
		{EA927912-F4C5-49E8-A679-6D5F15E7691A}.fusco|Any CPU.Deploy.0 = Release
		{EA927912-F4C5-49E8-A679-6D5F15E7691A}.gobbi|Any CPU.ActiveCfg = Release
		{EA927912-F4C5-49E8-A679-6D5F15E7691A}.gobbi|Any CPU.Build.0 = Release
		{EA927912-F4C5-49E8-A679-6D5F15E7691A}.gobbi|Any CPU.Deploy.0 = Release
		{EA927912-F4C5-49E8-A679-6D5F15E7691A}.gobbiRegione|Any CPU.ActiveCfg = Release
		{EA927912-F4C5-49E8-A679-6D5F15E7691A}.gobbiRegione|Any CPU.Build.0 = Release
		{EA927912-F4C5-49E8-A679-6D5F15E7691A}.gobbiRegione|Any CPU.Deploy.0 = Release
		{EA927912-F4C5-49E8-A679-6D5F15E7691A}.pasquinelli|Any CPU.ActiveCfg = Debug
		{EA927912-F4C5-49E8-A679-6D5F15E7691A}.pasquinelli|Any CPU.Build.0 = Debug
		{EA927912-F4C5-49E8-A679-6D5F15E7691A}.Produzione|Any CPU.ActiveCfg = Release
		{EA927912-F4C5-49E8-A679-6D5F15E7691A}.Produzione|Any CPU.Build.0 = Release
		{EA927912-F4C5-49E8-A679-6D5F15E7691A}.Produzione|Any CPU.Deploy.0 = Release
		{EA927912-F4C5-49E8-A679-6D5F15E7691A}.Release|Any CPU.ActiveCfg = Release
		{EA927912-F4C5-49E8-A679-6D5F15E7691A}.Release|Any CPU.Build.0 = Release
		{EA927912-F4C5-49E8-A679-6D5F15E7691A}.Release|Any CPU.Deploy.0 = Release
		{EA927912-F4C5-49E8-A679-6D5F15E7691A}.Test|Any CPU.ActiveCfg = Release
		{EA927912-F4C5-49E8-A679-6D5F15E7691A}.Test|Any CPU.Build.0 = Release
		{EA927912-F4C5-49E8-A679-6D5F15E7691A}.Test|Any CPU.Deploy.0 = Release
		{4EEDFE9A-2A88-45EA-8A1B-B3557329CF85}.aureli|Any CPU.ActiveCfg = Release|Any CPU
		{4EEDFE9A-2A88-45EA-8A1B-B3557329CF85}.aureli|Any CPU.Build.0 = Release|Any CPU
		{4EEDFE9A-2A88-45EA-8A1B-B3557329CF85}.barbieri|Any CPU.ActiveCfg = Release|Any CPU
		{4EEDFE9A-2A88-45EA-8A1B-B3557329CF85}.barbieri|Any CPU.Build.0 = Release|Any CPU
		{4EEDFE9A-2A88-45EA-8A1B-B3557329CF85}.Debug|Any CPU.ActiveCfg = Debug|Any CPU
		{4EEDFE9A-2A88-45EA-8A1B-B3557329CF85}.Debug|Any CPU.Build.0 = Debug|Any CPU
		{4EEDFE9A-2A88-45EA-8A1B-B3557329CF85}.DebugLocal|Any CPU.ActiveCfg = Debug|Any CPU
		{4EEDFE9A-2A88-45EA-8A1B-B3557329CF85}.DebugLocal|Any CPU.Build.0 = Debug|Any CPU
		{4EEDFE9A-2A88-45EA-8A1B-B3557329CF85}.Frandal|Any CPU.ActiveCfg = Debug|Any CPU
		{4EEDFE9A-2A88-45EA-8A1B-B3557329CF85}.Frandal|Any CPU.Build.0 = Debug|Any CPU
		{4EEDFE9A-2A88-45EA-8A1B-B3557329CF85}.fusco|Any CPU.ActiveCfg = Release|Any CPU
		{4EEDFE9A-2A88-45EA-8A1B-B3557329CF85}.fusco|Any CPU.Build.0 = Release|Any CPU
		{4EEDFE9A-2A88-45EA-8A1B-B3557329CF85}.gobbi|Any CPU.ActiveCfg = Debug|Any CPU
		{4EEDFE9A-2A88-45EA-8A1B-B3557329CF85}.gobbi|Any CPU.Build.0 = Debug|Any CPU
		{4EEDFE9A-2A88-45EA-8A1B-B3557329CF85}.gobbiRegione|Any CPU.ActiveCfg = Release|Any CPU
		{4EEDFE9A-2A88-45EA-8A1B-B3557329CF85}.gobbiRegione|Any CPU.Build.0 = Release|Any CPU
		{4EEDFE9A-2A88-45EA-8A1B-B3557329CF85}.pasquinelli|Any CPU.ActiveCfg = Debug|Any CPU
		{4EEDFE9A-2A88-45EA-8A1B-B3557329CF85}.pasquinelli|Any CPU.Build.0 = Debug|Any CPU
		{4EEDFE9A-2A88-45EA-8A1B-B3557329CF85}.Produzione|Any CPU.ActiveCfg = Release|Any CPU
		{4EEDFE9A-2A88-45EA-8A1B-B3557329CF85}.Produzione|Any CPU.Build.0 = Release|Any CPU
		{4EEDFE9A-2A88-45EA-8A1B-B3557329CF85}.Release|Any CPU.ActiveCfg = Release|Any CPU
		{4EEDFE9A-2A88-45EA-8A1B-B3557329CF85}.Release|Any CPU.Build.0 = Release|Any CPU
		{4EEDFE9A-2A88-45EA-8A1B-B3557329CF85}.Test|Any CPU.ActiveCfg = Release|Any CPU
		{4EEDFE9A-2A88-45EA-8A1B-B3557329CF85}.Test|Any CPU.Build.0 = Release|Any CPU
		{BE79C6E0-9E76-45DA-AD9C-A1CE3567F596}.aureli|Any CPU.ActiveCfg = Release|Any CPU
		{BE79C6E0-9E76-45DA-AD9C-A1CE3567F596}.aureli|Any CPU.Build.0 = Release|Any CPU
		{BE79C6E0-9E76-45DA-AD9C-A1CE3567F596}.barbieri|Any CPU.ActiveCfg = Release|Any CPU
		{BE79C6E0-9E76-45DA-AD9C-A1CE3567F596}.barbieri|Any CPU.Build.0 = Release|Any CPU
		{BE79C6E0-9E76-45DA-AD9C-A1CE3567F596}.Debug|Any CPU.ActiveCfg = Debug|Any CPU
		{BE79C6E0-9E76-45DA-AD9C-A1CE3567F596}.Debug|Any CPU.Build.0 = Debug|Any CPU
		{BE79C6E0-9E76-45DA-AD9C-A1CE3567F596}.DebugLocal|Any CPU.ActiveCfg = Debug|Any CPU
		{BE79C6E0-9E76-45DA-AD9C-A1CE3567F596}.DebugLocal|Any CPU.Build.0 = Debug|Any CPU
		{BE79C6E0-9E76-45DA-AD9C-A1CE3567F596}.Frandal|Any CPU.ActiveCfg = Debug|Any CPU
		{BE79C6E0-9E76-45DA-AD9C-A1CE3567F596}.Frandal|Any CPU.Build.0 = Debug|Any CPU
		{BE79C6E0-9E76-45DA-AD9C-A1CE3567F596}.fusco|Any CPU.ActiveCfg = Release|Any CPU
		{BE79C6E0-9E76-45DA-AD9C-A1CE3567F596}.fusco|Any CPU.Build.0 = Release|Any CPU
		{BE79C6E0-9E76-45DA-AD9C-A1CE3567F596}.gobbi|Any CPU.ActiveCfg = Release|Any CPU
		{BE79C6E0-9E76-45DA-AD9C-A1CE3567F596}.gobbi|Any CPU.Build.0 = Release|Any CPU
		{BE79C6E0-9E76-45DA-AD9C-A1CE3567F596}.gobbiRegione|Any CPU.ActiveCfg = Release|Any CPU
		{BE79C6E0-9E76-45DA-AD9C-A1CE3567F596}.gobbiRegione|Any CPU.Build.0 = Release|Any CPU
		{BE79C6E0-9E76-45DA-AD9C-A1CE3567F596}.pasquinelli|Any CPU.ActiveCfg = Release|Any CPU
		{BE79C6E0-9E76-45DA-AD9C-A1CE3567F596}.pasquinelli|Any CPU.Build.0 = Release|Any CPU
		{BE79C6E0-9E76-45DA-AD9C-A1CE3567F596}.Produzione|Any CPU.ActiveCfg = Release|Any CPU
		{BE79C6E0-9E76-45DA-AD9C-A1CE3567F596}.Produzione|Any CPU.Build.0 = Release|Any CPU
		{BE79C6E0-9E76-45DA-AD9C-A1CE3567F596}.Release|Any CPU.ActiveCfg = Release|Any CPU
		{BE79C6E0-9E76-45DA-AD9C-A1CE3567F596}.Release|Any CPU.Build.0 = Release|Any CPU
		{BE79C6E0-9E76-45DA-AD9C-A1CE3567F596}.Test|Any CPU.ActiveCfg = Release|Any CPU
		{BE79C6E0-9E76-45DA-AD9C-A1CE3567F596}.Test|Any CPU.Build.0 = Release|Any CPU
		{6837EA30-85A1-415C-900A-127BCE744254}.aureli|Any CPU.ActiveCfg = Release|Any CPU
		{6837EA30-85A1-415C-900A-127BCE744254}.aureli|Any CPU.Build.0 = Release|Any CPU
		{6837EA30-85A1-415C-900A-127BCE744254}.barbieri|Any CPU.ActiveCfg = Release|Any CPU
		{6837EA30-85A1-415C-900A-127BCE744254}.barbieri|Any CPU.Build.0 = Release|Any CPU
		{6837EA30-85A1-415C-900A-127BCE744254}.Debug|Any CPU.ActiveCfg = Debug|Any CPU
		{6837EA30-85A1-415C-900A-127BCE744254}.Debug|Any CPU.Build.0 = Debug|Any CPU
		{6837EA30-85A1-415C-900A-127BCE744254}.DebugLocal|Any CPU.ActiveCfg = Debug|Any CPU
		{6837EA30-85A1-415C-900A-127BCE744254}.DebugLocal|Any CPU.Build.0 = Debug|Any CPU
		{6837EA30-85A1-415C-900A-127BCE744254}.Frandal|Any CPU.ActiveCfg = Debug|Any CPU
		{6837EA30-85A1-415C-900A-127BCE744254}.Frandal|Any CPU.Build.0 = Debug|Any CPU
		{6837EA30-85A1-415C-900A-127BCE744254}.fusco|Any CPU.ActiveCfg = Release|Any CPU
		{6837EA30-85A1-415C-900A-127BCE744254}.fusco|Any CPU.Build.0 = Release|Any CPU
		{6837EA30-85A1-415C-900A-127BCE744254}.gobbi|Any CPU.ActiveCfg = Release|Any CPU
		{6837EA30-85A1-415C-900A-127BCE744254}.gobbi|Any CPU.Build.0 = Release|Any CPU
		{6837EA30-85A1-415C-900A-127BCE744254}.gobbiRegione|Any CPU.ActiveCfg = Release|Any CPU
		{6837EA30-85A1-415C-900A-127BCE744254}.gobbiRegione|Any CPU.Build.0 = Release|Any CPU
		{6837EA30-85A1-415C-900A-127BCE744254}.pasquinelli|Any CPU.ActiveCfg = Release|Any CPU
		{6837EA30-85A1-415C-900A-127BCE744254}.pasquinelli|Any CPU.Build.0 = Release|Any CPU
		{6837EA30-85A1-415C-900A-127BCE744254}.Produzione|Any CPU.ActiveCfg = Release|Any CPU
		{6837EA30-85A1-415C-900A-127BCE744254}.Produzione|Any CPU.Build.0 = Release|Any CPU
		{6837EA30-85A1-415C-900A-127BCE744254}.Release|Any CPU.ActiveCfg = Release|Any CPU
		{6837EA30-85A1-415C-900A-127BCE744254}.Release|Any CPU.Build.0 = Release|Any CPU
		{6837EA30-85A1-415C-900A-127BCE744254}.Test|Any CPU.ActiveCfg = Release|Any CPU
		{6837EA30-85A1-415C-900A-127BCE744254}.Test|Any CPU.Build.0 = Release|Any CPU
		{D9E29A78-A1BE-4952-891E-720D09EA2826}.aureli|Any CPU.ActiveCfg = Release|Any CPU
		{D9E29A78-A1BE-4952-891E-720D09EA2826}.aureli|Any CPU.Build.0 = Release|Any CPU
		{D9E29A78-A1BE-4952-891E-720D09EA2826}.barbieri|Any CPU.ActiveCfg = Release|Any CPU
		{D9E29A78-A1BE-4952-891E-720D09EA2826}.barbieri|Any CPU.Build.0 = Release|Any CPU
		{D9E29A78-A1BE-4952-891E-720D09EA2826}.Debug|Any CPU.ActiveCfg = Debug|Any CPU
		{D9E29A78-A1BE-4952-891E-720D09EA2826}.Debug|Any CPU.Build.0 = Debug|Any CPU
		{D9E29A78-A1BE-4952-891E-720D09EA2826}.DebugLocal|Any CPU.ActiveCfg = Debug|Any CPU
		{D9E29A78-A1BE-4952-891E-720D09EA2826}.DebugLocal|Any CPU.Build.0 = Debug|Any CPU
		{D9E29A78-A1BE-4952-891E-720D09EA2826}.Frandal|Any CPU.ActiveCfg = Debug|Any CPU
		{D9E29A78-A1BE-4952-891E-720D09EA2826}.Frandal|Any CPU.Build.0 = Debug|Any CPU
		{D9E29A78-A1BE-4952-891E-720D09EA2826}.fusco|Any CPU.ActiveCfg = Release|Any CPU
		{D9E29A78-A1BE-4952-891E-720D09EA2826}.fusco|Any CPU.Build.0 = Release|Any CPU
		{D9E29A78-A1BE-4952-891E-720D09EA2826}.gobbi|Any CPU.ActiveCfg = Release|Any CPU
		{D9E29A78-A1BE-4952-891E-720D09EA2826}.gobbi|Any CPU.Build.0 = Release|Any CPU
		{D9E29A78-A1BE-4952-891E-720D09EA2826}.gobbiRegione|Any CPU.ActiveCfg = Release|Any CPU
		{D9E29A78-A1BE-4952-891E-720D09EA2826}.gobbiRegione|Any CPU.Build.0 = Release|Any CPU
		{D9E29A78-A1BE-4952-891E-720D09EA2826}.pasquinelli|Any CPU.ActiveCfg = Release|Any CPU
		{D9E29A78-A1BE-4952-891E-720D09EA2826}.pasquinelli|Any CPU.Build.0 = Release|Any CPU
		{D9E29A78-A1BE-4952-891E-720D09EA2826}.Produzione|Any CPU.ActiveCfg = Release|Any CPU
		{D9E29A78-A1BE-4952-891E-720D09EA2826}.Produzione|Any CPU.Build.0 = Release|Any CPU
		{D9E29A78-A1BE-4952-891E-720D09EA2826}.Release|Any CPU.ActiveCfg = Release|Any CPU
		{D9E29A78-A1BE-4952-891E-720D09EA2826}.Release|Any CPU.Build.0 = Release|Any CPU
		{D9E29A78-A1BE-4952-891E-720D09EA2826}.Test|Any CPU.ActiveCfg = Release|Any CPU
		{D9E29A78-A1BE-4952-891E-720D09EA2826}.Test|Any CPU.Build.0 = Release|Any CPU
		{C98D2574-3F22-435E-8D7B-FBA6E50D3E66}.aureli|Any CPU.ActiveCfg = Debug|Any CPU
		{C98D2574-3F22-435E-8D7B-FBA6E50D3E66}.aureli|Any CPU.Build.0 = Debug|Any CPU
		{C98D2574-3F22-435E-8D7B-FBA6E50D3E66}.barbieri|Any CPU.ActiveCfg = Debug|Any CPU
		{C98D2574-3F22-435E-8D7B-FBA6E50D3E66}.barbieri|Any CPU.Build.0 = Debug|Any CPU
		{C98D2574-3F22-435E-8D7B-FBA6E50D3E66}.Debug|Any CPU.ActiveCfg = Debug|Any CPU
		{C98D2574-3F22-435E-8D7B-FBA6E50D3E66}.Debug|Any CPU.Build.0 = Debug|Any CPU
		{C98D2574-3F22-435E-8D7B-FBA6E50D3E66}.DebugLocal|Any CPU.ActiveCfg = Debug|Any CPU
		{C98D2574-3F22-435E-8D7B-FBA6E50D3E66}.DebugLocal|Any CPU.Build.0 = Debug|Any CPU
		{C98D2574-3F22-435E-8D7B-FBA6E50D3E66}.Frandal|Any CPU.ActiveCfg = Debug|Any CPU
		{C98D2574-3F22-435E-8D7B-FBA6E50D3E66}.Frandal|Any CPU.Build.0 = Debug|Any CPU
		{C98D2574-3F22-435E-8D7B-FBA6E50D3E66}.fusco|Any CPU.ActiveCfg = Debug|Any CPU
		{C98D2574-3F22-435E-8D7B-FBA6E50D3E66}.fusco|Any CPU.Build.0 = Debug|Any CPU
		{C98D2574-3F22-435E-8D7B-FBA6E50D3E66}.gobbi|Any CPU.ActiveCfg = Debug|Any CPU
		{C98D2574-3F22-435E-8D7B-FBA6E50D3E66}.gobbi|Any CPU.Build.0 = Debug|Any CPU
		{C98D2574-3F22-435E-8D7B-FBA6E50D3E66}.gobbiRegione|Any CPU.ActiveCfg = Debug|Any CPU
		{C98D2574-3F22-435E-8D7B-FBA6E50D3E66}.gobbiRegione|Any CPU.Build.0 = Debug|Any CPU
		{C98D2574-3F22-435E-8D7B-FBA6E50D3E66}.pasquinelli|Any CPU.ActiveCfg = Debug|Any CPU
		{C98D2574-3F22-435E-8D7B-FBA6E50D3E66}.pasquinelli|Any CPU.Build.0 = Debug|Any CPU
		{C98D2574-3F22-435E-8D7B-FBA6E50D3E66}.Produzione|Any CPU.ActiveCfg = Debug|Any CPU
		{C98D2574-3F22-435E-8D7B-FBA6E50D3E66}.Produzione|Any CPU.Build.0 = Debug|Any CPU
		{C98D2574-3F22-435E-8D7B-FBA6E50D3E66}.Release|Any CPU.ActiveCfg = Release|Any CPU
		{C98D2574-3F22-435E-8D7B-FBA6E50D3E66}.Release|Any CPU.Build.0 = Release|Any CPU
		{C98D2574-3F22-435E-8D7B-FBA6E50D3E66}.Test|Any CPU.ActiveCfg = Debug|Any CPU
		{C98D2574-3F22-435E-8D7B-FBA6E50D3E66}.Test|Any CPU.Build.0 = Debug|Any CPU
		{05BF0946-7E59-4004-B97E-326725EDE738}.aureli|Any CPU.ActiveCfg = Debug|Any CPU
		{05BF0946-7E59-4004-B97E-326725EDE738}.aureli|Any CPU.Build.0 = Debug|Any CPU
		{05BF0946-7E59-4004-B97E-326725EDE738}.barbieri|Any CPU.ActiveCfg = Debug|Any CPU
		{05BF0946-7E59-4004-B97E-326725EDE738}.barbieri|Any CPU.Build.0 = Debug|Any CPU
		{05BF0946-7E59-4004-B97E-326725EDE738}.Debug|Any CPU.ActiveCfg = Debug|Any CPU
		{05BF0946-7E59-4004-B97E-326725EDE738}.Debug|Any CPU.Build.0 = Debug|Any CPU
		{05BF0946-7E59-4004-B97E-326725EDE738}.DebugLocal|Any CPU.ActiveCfg = Debug|Any CPU
		{05BF0946-7E59-4004-B97E-326725EDE738}.DebugLocal|Any CPU.Build.0 = Debug|Any CPU
		{05BF0946-7E59-4004-B97E-326725EDE738}.Frandal|Any CPU.ActiveCfg = Debug|Any CPU
		{05BF0946-7E59-4004-B97E-326725EDE738}.Frandal|Any CPU.Build.0 = Debug|Any CPU
		{05BF0946-7E59-4004-B97E-326725EDE738}.fusco|Any CPU.ActiveCfg = Debug|Any CPU
		{05BF0946-7E59-4004-B97E-326725EDE738}.fusco|Any CPU.Build.0 = Debug|Any CPU
		{05BF0946-7E59-4004-B97E-326725EDE738}.gobbi|Any CPU.ActiveCfg = Debug|Any CPU
		{05BF0946-7E59-4004-B97E-326725EDE738}.gobbi|Any CPU.Build.0 = Debug|Any CPU
		{05BF0946-7E59-4004-B97E-326725EDE738}.gobbiRegione|Any CPU.ActiveCfg = Debug|Any CPU
		{05BF0946-7E59-4004-B97E-326725EDE738}.gobbiRegione|Any CPU.Build.0 = Debug|Any CPU
		{05BF0946-7E59-4004-B97E-326725EDE738}.pasquinelli|Any CPU.ActiveCfg = Debug|Any CPU
		{05BF0946-7E59-4004-B97E-326725EDE738}.pasquinelli|Any CPU.Build.0 = Debug|Any CPU
		{05BF0946-7E59-4004-B97E-326725EDE738}.Produzione|Any CPU.ActiveCfg = Debug|Any CPU
		{05BF0946-7E59-4004-B97E-326725EDE738}.Produzione|Any CPU.Build.0 = Debug|Any CPU
		{05BF0946-7E59-4004-B97E-326725EDE738}.Release|Any CPU.ActiveCfg = Release|Any CPU
		{05BF0946-7E59-4004-B97E-326725EDE738}.Release|Any CPU.Build.0 = Release|Any CPU
		{05BF0946-7E59-4004-B97E-326725EDE738}.Test|Any CPU.ActiveCfg = Debug|Any CPU
		{05BF0946-7E59-4004-B97E-326725EDE738}.Test|Any CPU.Build.0 = Debug|Any CPU
		{934E6787-2796-4BE2-9211-303FA1E054CA}.aureli|Any CPU.ActiveCfg = Debug|Any CPU
		{934E6787-2796-4BE2-9211-303FA1E054CA}.aureli|Any CPU.Build.0 = Debug|Any CPU
		{934E6787-2796-4BE2-9211-303FA1E054CA}.barbieri|Any CPU.ActiveCfg = Debug|Any CPU
		{934E6787-2796-4BE2-9211-303FA1E054CA}.barbieri|Any CPU.Build.0 = Debug|Any CPU
		{934E6787-2796-4BE2-9211-303FA1E054CA}.Debug|Any CPU.ActiveCfg = Debug|Any CPU
		{934E6787-2796-4BE2-9211-303FA1E054CA}.Debug|Any CPU.Build.0 = Debug|Any CPU
		{934E6787-2796-4BE2-9211-303FA1E054CA}.DebugLocal|Any CPU.ActiveCfg = Debug|Any CPU
		{934E6787-2796-4BE2-9211-303FA1E054CA}.DebugLocal|Any CPU.Build.0 = Debug|Any CPU
		{934E6787-2796-4BE2-9211-303FA1E054CA}.Frandal|Any CPU.ActiveCfg = Debug|Any CPU
		{934E6787-2796-4BE2-9211-303FA1E054CA}.Frandal|Any CPU.Build.0 = Debug|Any CPU
		{934E6787-2796-4BE2-9211-303FA1E054CA}.fusco|Any CPU.ActiveCfg = Debug|Any CPU
		{934E6787-2796-4BE2-9211-303FA1E054CA}.fusco|Any CPU.Build.0 = Debug|Any CPU
		{934E6787-2796-4BE2-9211-303FA1E054CA}.gobbi|Any CPU.ActiveCfg = Debug|Any CPU
		{934E6787-2796-4BE2-9211-303FA1E054CA}.gobbi|Any CPU.Build.0 = Debug|Any CPU
		{934E6787-2796-4BE2-9211-303FA1E054CA}.gobbiRegione|Any CPU.ActiveCfg = Debug|Any CPU
		{934E6787-2796-4BE2-9211-303FA1E054CA}.gobbiRegione|Any CPU.Build.0 = Debug|Any CPU
		{934E6787-2796-4BE2-9211-303FA1E054CA}.pasquinelli|Any CPU.ActiveCfg = Debug|Any CPU
		{934E6787-2796-4BE2-9211-303FA1E054CA}.pasquinelli|Any CPU.Build.0 = Debug|Any CPU
		{934E6787-2796-4BE2-9211-303FA1E054CA}.Produzione|Any CPU.ActiveCfg = Debug|Any CPU
		{934E6787-2796-4BE2-9211-303FA1E054CA}.Produzione|Any CPU.Build.0 = Debug|Any CPU
		{934E6787-2796-4BE2-9211-303FA1E054CA}.Release|Any CPU.ActiveCfg = Release|Any CPU
		{934E6787-2796-4BE2-9211-303FA1E054CA}.Release|Any CPU.Build.0 = Release|Any CPU
		{934E6787-2796-4BE2-9211-303FA1E054CA}.Test|Any CPU.ActiveCfg = Debug|Any CPU
		{934E6787-2796-4BE2-9211-303FA1E054CA}.Test|Any CPU.Build.0 = Debug|Any CPU
	EndGlobalSection
	GlobalSection(SolutionProperties) = preSolution
		HideSolutionNode = FALSE
	EndGlobalSection
	GlobalSection(ExtensibilityGlobals) = postSolution
		SolutionGuid = {A7199997-E6FF-4D80-B4AE-A74C2303C8F5}
	EndGlobalSection
EndGlobal
